// !$*UTF8*$!
{
	archiveVersion = 1;
	classes = {
	};
	objectVersion = 46;
	objects = {

/* Begin PBXBuildFile section */
		528F1C461D346CF200997066 /* AppDelegate.swift in Sources */ = {isa = PBXBuildFile; fileRef = 528F1C451D346CF200997066 /* AppDelegate.swift */; };
		528F1C481D346CF200997066 /* CartViewController.swift in Sources */ = {isa = PBXBuildFile; fileRef = 528F1C471D346CF200997066 /* CartViewController.swift */; };
		528F1C4B1D346CF200997066 /* Main.storyboard in Resources */ = {isa = PBXBuildFile; fileRef = 528F1C491D346CF200997066 /* Main.storyboard */; };
		528F1C4D1D346CF200997066 /* Assets.xcassets in Resources */ = {isa = PBXBuildFile; fileRef = 528F1C4C1D346CF200997066 /* Assets.xcassets */; };
		528F1C501D346CF200997066 /* LaunchScreen.storyboard in Resources */ = {isa = PBXBuildFile; fileRef = 528F1C4E1D346CF200997066 /* LaunchScreen.storyboard */; };
		528F1C581D34753800997066 /* ItemStore.swift in Sources */ = {isa = PBXBuildFile; fileRef = 528F1C571D34753800997066 /* ItemStore.swift */; };
		528F1C5B1D34760300997066 /* ShoppingCart.swift in Sources */ = {isa = PBXBuildFile; fileRef = 528F1C5A1D34760300997066 /* ShoppingCart.swift */; };
		528F1C5D1D34762400997066 /* Calculator.swift in Sources */ = {isa = PBXBuildFile; fileRef = 528F1C5C1D34762400997066 /* Calculator.swift */; };
		52A0DADF1D356D4B00CE6B43 /* CheckoutViewController.swift in Sources */ = {isa = PBXBuildFile; fileRef = 52A0DADE1D356D4B00CE6B43 /* CheckoutViewController.swift */; };
/* End PBXBuildFile section */

/* Begin PBXFileReference section */
		528F1C421D346CF200997066 /* Shopping Cart.app */ = {isa = PBXFileReference; explicitFileType = wrapper.application; includeInIndex = 0; path = "Shopping Cart.app"; sourceTree = BUILT_PRODUCTS_DIR; };
		528F1C451D346CF200997066 /* AppDelegate.swift */ = {isa = PBXFileReference; lastKnownFileType = sourcecode.swift; path = AppDelegate.swift; sourceTree = "<group>"; };
		528F1C471D346CF200997066 /* CartViewController.swift */ = {isa = PBXFileReference; lastKnownFileType = sourcecode.swift; path = CartViewController.swift; sourceTree = "<group>"; };
		528F1C4A1D346CF200997066 /* Base */ = {isa = PBXFileReference; lastKnownFileType = file.storyboard; name = Base; path = Base.lproj/Main.storyboard; sourceTree = "<group>"; };
		528F1C4C1D346CF200997066 /* Assets.xcassets */ = {isa = PBXFileReference; lastKnownFileType = folder.assetcatalog; path = Assets.xcassets; sourceTree = "<group>"; };
		528F1C4F1D346CF200997066 /* Base */ = {isa = PBXFileReference; lastKnownFileType = file.storyboard; name = Base; path = Base.lproj/LaunchScreen.storyboard; sourceTree = "<group>"; };
		528F1C511D346CF200997066 /* Info.plist */ = {isa = PBXFileReference; lastKnownFileType = text.plist.xml; path = Info.plist; sourceTree = "<group>"; };
		528F1C571D34753800997066 /* ItemStore.swift */ = {isa = PBXFileReference; fileEncoding = 4; lastKnownFileType = sourcecode.swift; path = ItemStore.swift; sourceTree = "<group>"; };
		528F1C5A1D34760300997066 /* ShoppingCart.swift */ = {isa = PBXFileReference; fileEncoding = 4; lastKnownFileType = sourcecode.swift; path = ShoppingCart.swift; sourceTree = "<group>"; };
		528F1C5C1D34762400997066 /* Calculator.swift */ = {isa = PBXFileReference; fileEncoding = 4; lastKnownFileType = sourcecode.swift; path = Calculator.swift; sourceTree = "<group>"; };
		52A0DADE1D356D4B00CE6B43 /* CheckoutViewController.swift */ = {isa = PBXFileReference; fileEncoding = 4; lastKnownFileType = sourcecode.swift; path = CheckoutViewController.swift; sourceTree = "<group>"; };
/* End PBXFileReference section */

/* Begin PBXFrameworksBuildPhase section */
		528F1C3F1D346CF200997066 /* Frameworks */ = {
			isa = PBXFrameworksBuildPhase;
			buildActionMask = 2147483647;
			files = (
			);
			runOnlyForDeploymentPostprocessing = 0;
		};
/* End PBXFrameworksBuildPhase section */

/* Begin PBXGroup section */
		528F1C391D346CF200997066 = {
			isa = PBXGroup;
			children = (
				528F1C441D346CF200997066 /* Shopping Cart */,
				528F1C431D346CF200997066 /* Products */,
			);
			sourceTree = "<group>";
		};
		528F1C431D346CF200997066 /* Products */ = {
			isa = PBXGroup;
			children = (
				528F1C421D346CF200997066 /* Shopping Cart.app */,
			);
			name = Products;
			sourceTree = "<group>";
		};
		528F1C441D346CF200997066 /* Shopping Cart */ = {
			isa = PBXGroup;
			children = (
				528F1C451D346CF200997066 /* AppDelegate.swift */,
				52A0DAE01D356D4E00CE6B43 /* Controllers */,
				528F1C491D346CF200997066 /* Main.storyboard */,
				528F1C591D3475F400997066 /* Model */,
				528F1C4C1D346CF200997066 /* Assets.xcassets */,
				528F1C4E1D346CF200997066 /* LaunchScreen.storyboard */,
				528F1C511D346CF200997066 /* Info.plist */,
			);
			path = "Shopping Cart";
			sourceTree = "<group>";
		};
		528F1C591D3475F400997066 /* Model */ = {
			isa = PBXGroup;
			children = (
				528F1C5A1D34760300997066 /* ShoppingCart.swift */,
				528F1C571D34753800997066 /* ItemStore.swift */,
				528F1C5C1D34762400997066 /* Calculator.swift */,
			);
			name = Model;
			sourceTree = "<group>";
		};
		52A0DAE01D356D4E00CE6B43 /* Controllers */ = {
			isa = PBXGroup;
			children = (
				528F1C471D346CF200997066 /* CartViewController.swift */,
				52A0DADE1D356D4B00CE6B43 /* CheckoutViewController.swift */,
			);
			name = Controllers;
			sourceTree = "<group>";
		};
/* End PBXGroup section */

/* Begin PBXNativeTarget section */
		528F1C411D346CF200997066 /* Shopping Cart */ = {
			isa = PBXNativeTarget;
			buildConfigurationList = 528F1C541D346CF200997066 /* Build configuration list for PBXNativeTarget "Shopping Cart" */;
			buildPhases = (
				528F1C3E1D346CF200997066 /* Sources */,
				528F1C3F1D346CF200997066 /* Frameworks */,
				528F1C401D346CF200997066 /* Resources */,
			);
			buildRules = (
			);
			dependencies = (
			);
			name = "Shopping Cart";
			productName = "Shopping Cart";
			productReference = 528F1C421D346CF200997066 /* Shopping Cart.app */;
			productType = "com.apple.product-type.application";
		};
/* End PBXNativeTarget section */

/* Begin PBXProject section */
		528F1C3A1D346CF200997066 /* Project object */ = {
			isa = PBXProject;
			attributes = {
				LastSwiftUpdateCheck = 0800;
				LastUpgradeCheck = 0800;
				ORGANIZATIONNAME = "Developers Academy";
				TargetAttributes = {
					528F1C411D346CF200997066 = {
						CreatedOnToolsVersion = 8.0;
						DevelopmentTeam = E26925RH2T;
						DevelopmentTeamName = "Duc Tran";
						ProvisioningStyle = Automatic;
					};
				};
			};
			buildConfigurationList = 528F1C3D1D346CF200997066 /* Build configuration list for PBXProject "Shopping Cart" */;
			compatibilityVersion = "Xcode 3.2";
			developmentRegion = English;
			hasScannedForEncodings = 0;
			knownRegions = (
				en,
				Base,
			);
			mainGroup = 528F1C391D346CF200997066;
			productRefGroup = 528F1C431D346CF200997066 /* Products */;
			projectDirPath = "";
			projectRoot = "";
			targets = (
				528F1C411D346CF200997066 /* Shopping Cart */,
			);
		};
/* End PBXProject section */

/* Begin PBXResourcesBuildPhase section */
		528F1C401D346CF200997066 /* Resources */ = {
			isa = PBXResourcesBuildPhase;
			buildActionMask = 2147483647;
			files = (
				528F1C501D346CF200997066 /* LaunchScreen.storyboard in Resources */,
				528F1C4D1D346CF200997066 /* Assets.xcassets in Resources */,
				528F1C4B1D346CF200997066 /* Main.storyboard in Resources */,
			);
			runOnlyForDeploymentPostprocessing = 0;
		};
/* End PBXResourcesBuildPhase section */

/* Begin PBXSourcesBuildPhase section */
		528F1C3E1D346CF200997066 /* Sources */ = {
			isa = PBXSourcesBuildPhase;
			buildActionMask = 2147483647;
			files = (
				528F1C481D346CF200997066 /* CartViewController.swift in Sources */,
				528F1C581D34753800997066 /* ItemStore.swift in Sources */,
				528F1C461D346CF200997066 /* AppDelegate.swift in Sources */,
				528F1C5D1D34762400997066 /* Calculator.swift in Sources */,
				52A0DADF1D356D4B00CE6B43 /* CheckoutViewController.swift in Sources */,
				528F1C5B1D34760300997066 /* ShoppingCart.swift in Sources */,
			);
			runOnlyForDeploymentPostprocessing = 0;
		};
/* End PBXSourcesBuildPhase section */

/* Begin PBXVariantGroup section */
		528F1C491D346CF200997066 /* Main.storyboard */ = {
			isa = PBXVariantGroup;
			children = (
				528F1C4A1D346CF200997066 /* Base */,
			);
			name = Main.storyboard;
			sourceTree = "<group>";
		};
		528F1C4E1D346CF200997066 /* LaunchScreen.storyboard */ = {
			isa = PBXVariantGroup;
			children = (
				528F1C4F1D346CF200997066 /* Base */,
			);
			name = LaunchScreen.storyboard;
			sourceTree = "<group>";
		};
/* End PBXVariantGroup section */

/* Begin XCBuildConfiguration section */
		528F1C521D346CF200997066 /* Debug */ = {
			isa = XCBuildConfiguration;
			buildSettings = {
				ALWAYS_SEARCH_USER_PATHS = NO;
				CLANG_ANALYZER_NONNULL = YES;
				CLANG_CXX_LANGUAGE_STANDARD = "gnu++0x";
				CLANG_CXX_LIBRARY = "libc++";
				CLANG_ENABLE_MODULES = YES;
				CLANG_ENABLE_OBJC_ARC = YES;
				CLANG_WARN_BOOL_CONVERSION = YES;
				CLANG_WARN_CONSTANT_CONVERSION = YES;
				CLANG_WARN_DIRECT_OBJC_ISA_USAGE = YES_ERROR;
				CLANG_WARN_DOCUMENTATION_COMMENTS = YES;
				CLANG_WARN_EMPTY_BODY = YES;
				CLANG_WARN_ENUM_CONVERSION = YES;
				CLANG_WARN_INT_CONVERSION = YES;
				CLANG_WARN_OBJC_ROOT_CLASS = YES_ERROR;
				CLANG_WARN_UNREACHABLE_CODE = YES;
				CLANG_WARN__DUPLICATE_METHOD_MATCH = YES;
				"CODE_SIGN_IDENTITY[sdk=iphoneos*]" = "iPhone Developer";
				COPY_PHASE_STRIP = NO;
				DEBUG_INFORMATION_FORMAT = dwarf;
				ENABLE_STRICT_OBJC_MSGSEND = YES;
				ENABLE_TESTABILITY = YES;
				GCC_C_LANGUAGE_STANDARD = gnu99;
				GCC_DYNAMIC_NO_PIC = NO;
				GCC_NO_COMMON_BLOCKS = YES;
				GCC_OPTIMIZATION_LEVEL = 0;
				GCC_PREPROCESSOR_DEFINITIONS = (
					"DEBUG=1",
					"$(inherited)",
				);
				GCC_WARN_64_TO_32_BIT_CONVERSION = YES;
				GCC_WARN_ABOUT_RETURN_TYPE = YES_ERROR;
				GCC_WARN_UNDECLARED_SELECTOR = YES;
				GCC_WARN_UNINITIALIZED_AUTOS = YES_AGGRESSIVE;
				GCC_WARN_UNUSED_FUNCTION = YES;
				GCC_WARN_UNUSED_VARIABLE = YES;
				IPHONEOS_DEPLOYMENT_TARGET = 10.0;
				MTL_ENABLE_DEBUG_INFO = YES;
				ONLY_ACTIVE_ARCH = YES;
				SDKROOT = iphoneos;
				SWIFT_ACTIVE_COMPILATION_CONDITIONS = DEBUG;
				SWIFT_OPTIMIZATION_LEVEL = "-Onone";
				TARGETED_DEVICE_FAMILY = "1,2";
			};
			name = Debug;
		};
		528F1C531D346CF200997066 /* Release */ = {
			isa = XCBuildConfiguration;
			buildSettings = {
				ALWAYS_SEARCH_USER_PATHS = NO;
				CLANG_ANALYZER_NONNULL = YES;
				CLANG_CXX_LANGUAGE_STANDARD = "gnu++0x";
				CLANG_CXX_LIBRARY = "libc++";
				CLANG_ENABLE_MODULES = YES;
				CLANG_ENABLE_OBJC_ARC = YES;
				CLANG_WARN_BOOL_CONVERSION = YES;
				CLANG_WARN_CONSTANT_CONVERSION = YES;
				CLANG_WARN_DIRECT_OBJC_ISA_USAGE = YES_ERROR;
				CLANG_WARN_DOCUMENTATION_COMMENTS = YES;
				CLANG_WARN_EMPTY_BODY = YES;
				CLANG_WARN_ENUM_CONVERSION = YES;
				CLANG_WARN_INT_CONVERSION = YES;
				CLANG_WARN_OBJC_ROOT_CLASS = YES_ERROR;
				CLANG_WARN_UNREACHABLE_CODE = YES;
				CLANG_WARN__DUPLICATE_METHOD_MATCH = YES;
				"CODE_SIGN_IDENTITY[sdk=iphoneos*]" = "iPhone Developer";
				COPY_PHASE_STRIP = NO;
				DEBUG_INFORMATION_FORMAT = "dwarf-with-dsym";
				ENABLE_NS_ASSERTIONS = NO;
				ENABLE_STRICT_OBJC_MSGSEND = YES;
				GCC_C_LANGUAGE_STANDARD = gnu99;
				GCC_NO_COMMON_BLOCKS = YES;
				GCC_WARN_64_TO_32_BIT_CONVERSION = YES;
				GCC_WARN_ABOUT_RETURN_TYPE = YES_ERROR;
				GCC_WARN_UNDECLARED_SELECTOR = YES;
				GCC_WARN_UNINITIALIZED_AUTOS = YES_AGGRESSIVE;
				GCC_WARN_UNUSED_FUNCTION = YES;
				GCC_WARN_UNUSED_VARIABLE = YES;
				IPHONEOS_DEPLOYMENT_TARGET = 10.0;
				MTL_ENABLE_DEBUG_INFO = NO;
				SDKROOT = iphoneos;
				SWIFT_OPTIMIZATION_LEVEL = "-Owholemodule";
				TARGETED_DEVICE_FAMILY = "1,2";
				VALIDATE_PRODUCT = YES;
			};
			name = Release;
		};
		528F1C551D346CF200997066 /* Debug */ = {
			isa = XCBuildConfiguration;
			buildSettings = {
				ASSETCATALOG_COMPILER_APPICON_NAME = AppIcon;
				DEVELOPMENT_TEAM = E26925RH2T;
				INFOPLIST_FILE = "Shopping Cart/Info.plist";
				IPHONEOS_DEPLOYMENT_TARGET = 9.0;
				LD_RUNPATH_SEARCH_PATHS = "$(inherited) @executable_path/Frameworks";
				PRODUCT_BUNDLE_IDENTIFIER = "com.VictorLee.Shopping-Cart";
				PRODUCT_NAME = "$(TARGET_NAME)";
				SWIFT_VERSION = 3.0;
				TARGETED_DEVICE_FAMILY = "1,2";
			};
			name = Debug;
		};
		528F1C561D346CF200997066 /* Release */ = {
			isa = XCBuildConfiguration;
			buildSettings = {
				ASSETCATALOG_COMPILER_APPICON_NAME = AppIcon;
				DEVELOPMENT_TEAM = E26925RH2T;
				INFOPLIST_FILE = "Shopping Cart/Info.plist";
				IPHONEOS_DEPLOYMENT_TARGET = 9.0;
				LD_RUNPATH_SEARCH_PATHS = "$(inherited) @executable_path/Frameworks";
				PRODUCT_BUNDLE_IDENTIFIER = "com.VictorLee.Shopping-Cart";
				PRODUCT_NAME = "$(TARGET_NAME)";
				SWIFT_VERSION = 3.0;
				TARGETED_DEVICE_FAMILY = "1,2";
			};
			name = Release;
		};
/* End XCBuildConfiguration section */

/* Begin XCConfigurationList section */
		528F1C3D1D346CF200997066 /* Build configuration list for PBXProject "Shopping Cart" */ = {
			isa = XCConfigurationList;
			buildConfigurations = (
				528F1C521D346CF200997066 /* Debug */,
				528F1C531D346CF200997066 /* Release */,
			);
			defaultConfigurationIsVisible = 0;
			defaultConfigurationName = Release;
		};
		528F1C541D346CF200997066 /* Build configuration list for PBXNativeTarget "Shopping Cart" */ = {
			isa = XCConfigurationList;
			buildConfigurations = (
				528F1C551D346CF200997066 /* Debug */,
				528F1C561D346CF200997066 /* Release */,
			);
			defaultConfigurationIsVisible = 0;
			defaultConfigurationName = Release;
		};
/* End XCConfigurationList section */
	};
	rootObject = 528F1C3A1D346CF200997066 /* Project object */;
}
